PODS:
  - AFDateHelper (3.5.3)
  - Alamofire (4.0.1)
  - Freddy (3.0.0)
  - MBProgressHUD (0.9.2)
  - SnapKit (3.0.2)
  - Valet (3.0.0)

DEPENDENCIES:
  - AFDateHelper (~> 3.5)
  - Alamofire (~> 4.0)
  - Freddy (~> 3.0)
  - MBProgressHUD (~> 0.9.1)
  - SnapKit (~> 3.0)
  - Valet (from `https://github.com/square/Valet.git`, branch `develop/3.0`)

EXTERNAL SOURCES:
  Valet:
    :branch: develop/3.0
    :git: https://github.com/square/Valet.git

CHECKOUT OPTIONS:
  Valet:
    :commit: 60ce261e32f19ad732863ae313be4859c9fc8fe6
    :git: https://github.com/square/Valet.git

SPEC CHECKSUMS:
  AFDateHelper: e64bcc4a88a07e1d3e62442741b2a164adc02d77
  Alamofire: 7682d43245de14874acd142ec137b144aa1dd335
  Freddy: 367f994c88a90dd3987293b4b1bec94a4530745a
  MBProgressHUD: 1569cf7ace17a8bac47aabfbb8580a49690386d1
  SnapKit: 2e456761aa92d4d4067a7a5594c18769d451a8ad
  Valet: 7cdff0726c62ec6e0fc786b010b924f207be29f2

PODFILE CHECKSUM: ff4744144122ba6e4a3fe9932d6f1ff0086a2b06

COCOAPODS: 1.1.1
